// !$*UTF8*$!
{
	archiveVersion = 1;
	classes = {
	};
	objectVersion = 50;
	objects = {

/* Begin PBXBuildFile section */
		0F4D1D2126A9B3B200A6B929 /* PortfolioContainer.xcdatamodeld in Sources */ = {isa = PBXBuildFile; fileRef = 0F4D1D1F26A9B3B200A6B929 /* PortfolioContainer.xcdatamodeld */; };
		0F4D1D2326A9B53800A6B929 /* PortfolioDataService.swift in Sources */ = {isa = PBXBuildFile; fileRef = 0F4D1D2226A9B53800A6B929 /* PortfolioDataService.swift */; };
		0F59474626A890CC005ECA29 /* SearchBarView.swift in Sources */ = {isa = PBXBuildFile; fileRef = 0F59474526A890CC005ECA29 /* SearchBarView.swift */; };
		0F59474826A89438005ECA29 /* UIApplication.swift in Sources */ = {isa = PBXBuildFile; fileRef = 0F59474726A89438005ECA29 /* UIApplication.swift */; };
		0F7A3EA726A7F78000C06921 /* NetworkingManager.swift in Sources */ = {isa = PBXBuildFile; fileRef = 0F7A3EA626A7F78000C06921 /* NetworkingManager.swift */; };
		0F7A3EAA26A803A800C06921 /* CoinImageView.swift in Sources */ = {isa = PBXBuildFile; fileRef = 0F7A3EA926A803A800C06921 /* CoinImageView.swift */; };
		0F7A3EAC26A8054400C06921 /* CoinImageService.swift in Sources */ = {isa = PBXBuildFile; fileRef = 0F7A3EAB26A8054400C06921 /* CoinImageService.swift */; };
		0F7A3EAE26A806D900C06921 /* CoinImageViewModel.swift in Sources */ = {isa = PBXBuildFile; fileRef = 0F7A3EAD26A806D900C06921 /* CoinImageViewModel.swift */; };
		0F7A3EB026A80FD800C06921 /* LocalFileManager.swift in Sources */ = {isa = PBXBuildFile; fileRef = 0F7A3EAF26A80FD800C06921 /* LocalFileManager.swift */; };
		0F988FF726AAB5C40031CDDA /* HapticManager.swift in Sources */ = {isa = PBXBuildFile; fileRef = 0F988FF626AAB5C40031CDDA /* HapticManager.swift */; };
		0F988FFC26AAE26A0031CDDA /* DetailView.swift in Sources */ = {isa = PBXBuildFile; fileRef = 0F988FFB26AAE26A0031CDDA /* DetailView.swift */; };
		0F988FFE26AAF0AD0031CDDA /* CoinDetailModel.swift in Sources */ = {isa = PBXBuildFile; fileRef = 0F988FFD26AAF0AD0031CDDA /* CoinDetailModel.swift */; };
		0F98900026AAF1490031CDDA /* CoinDetailDataService.swift in Sources */ = {isa = PBXBuildFile; fileRef = 0F988FFF26AAF1490031CDDA /* CoinDetailDataService.swift */; };
		0F98900226AAF24A0031CDDA /* DetailViewModel.swift in Sources */ = {isa = PBXBuildFile; fileRef = 0F98900126AAF24A0031CDDA /* DetailViewModel.swift */; };
		0FCDEE2D26A9251D0048B31A /* StatisticModel.swift in Sources */ = {isa = PBXBuildFile; fileRef = 0FCDEE2C26A9251D0048B31A /* StatisticModel.swift */; };
		0FCDEE2F26A92ED10048B31A /* StatisticView.swift in Sources */ = {isa = PBXBuildFile; fileRef = 0FCDEE2E26A92ED10048B31A /* StatisticView.swift */; };
		0FCDEE3126A9313E0048B31A /* HomeStatsView.swift in Sources */ = {isa = PBXBuildFile; fileRef = 0FCDEE3026A9313E0048B31A /* HomeStatsView.swift */; };
		0FCDEE3326A94F3E0048B31A /* MarketDataModel.swift in Sources */ = {isa = PBXBuildFile; fileRef = 0FCDEE3226A94F3E0048B31A /* MarketDataModel.swift */; };
		0FCDEE3526A959470048B31A /* MarketDataService.swift in Sources */ = {isa = PBXBuildFile; fileRef = 0FCDEE3426A959470048B31A /* MarketDataService.swift */; };
		0FCDEE3726A99BB40048B31A /* PortfolioView.swift in Sources */ = {isa = PBXBuildFile; fileRef = 0FCDEE3626A99BB40048B31A /* PortfolioView.swift */; };
		0FCDEE3926A99E3C0048B31A /* XMarkButton.swift in Sources */ = {isa = PBXBuildFile; fileRef = 0FCDEE3826A99E3C0048B31A /* XMarkButton.swift */; };
		0FCDEE3B26A9A18D0048B31A /* CoinLogoView.swift in Sources */ = {isa = PBXBuildFile; fileRef = 0FCDEE3A26A9A18D0048B31A /* CoinLogoView.swift */; };
		0FFD525426A69297006F5C50 /* SwiftfulCryptoApp.swift in Sources */ = {isa = PBXBuildFile; fileRef = 0FFD525326A69297006F5C50 /* SwiftfulCryptoApp.swift */; };
		0FFD525626A69297006F5C50 /* ContentView.swift in Sources */ = {isa = PBXBuildFile; fileRef = 0FFD525526A69297006F5C50 /* ContentView.swift */; };
		0FFD525826A69298006F5C50 /* Assets.xcassets in Resources */ = {isa = PBXBuildFile; fileRef = 0FFD525726A69298006F5C50 /* Assets.xcassets */; };
		0FFD525B26A69298006F5C50 /* Preview Assets.xcassets in Resources */ = {isa = PBXBuildFile; fileRef = 0FFD525A26A69298006F5C50 /* Preview Assets.xcassets */; };
		0FFD525D26A69298006F5C50 /* Persistence.swift in Sources */ = {isa = PBXBuildFile; fileRef = 0FFD525C26A69298006F5C50 /* Persistence.swift */; };
		0FFD526026A69298006F5C50 /* SwiftfulCrypto.xcdatamodeld in Sources */ = {isa = PBXBuildFile; fileRef = 0FFD525E26A69298006F5C50 /* SwiftfulCrypto.xcdatamodeld */; };
		0FFD526B26A69298006F5C50 /* SwiftfulCryptoTests.swift in Sources */ = {isa = PBXBuildFile; fileRef = 0FFD526A26A69298006F5C50 /* SwiftfulCryptoTests.swift */; };
		0FFD527626A69298006F5C50 /* SwiftfulCryptoUITests.swift in Sources */ = {isa = PBXBuildFile; fileRef = 0FFD527526A69298006F5C50 /* SwiftfulCryptoUITests.swift */; };
		0FFD52E426A6963A006F5C50 /* Color.swift in Sources */ = {isa = PBXBuildFile; fileRef = 0FFD52E326A6963A006F5C50 /* Color.swift */; };
		0FFD52EB26A69B8E006F5C50 /* HomeView.swift in Sources */ = {isa = PBXBuildFile; fileRef = 0FFD52EA26A69B8E006F5C50 /* HomeView.swift */; };
		0FFD52EF26A69C62006F5C50 /* CircleButtonView.swift in Sources */ = {isa = PBXBuildFile; fileRef = 0FFD52EE26A69C62006F5C50 /* CircleButtonView.swift */; };
		0FFD52F126A69E6F006F5C50 /* CircleButtonAnimationView.swift in Sources */ = {isa = PBXBuildFile; fileRef = 0FFD52F026A69E6F006F5C50 /* CircleButtonAnimationView.swift */; };
		0FFD52F526A6A084006F5C50 /* CoinModel.swift in Sources */ = {isa = PBXBuildFile; fileRef = 0FFD52F426A6A084006F5C50 /* CoinModel.swift */; };
		0FFD52F726A6AD22006F5C50 /* CoinRowView.swift in Sources */ = {isa = PBXBuildFile; fileRef = 0FFD52F626A6AD22006F5C50 /* CoinRowView.swift */; };
		0FFD52F926A6AD89006F5C50 /* PreviewProvider.swift in Sources */ = {isa = PBXBuildFile; fileRef = 0FFD52F826A6AD89006F5C50 /* PreviewProvider.swift */; };
		0FFD52FB26A6B29C006F5C50 /* Double.swift in Sources */ = {isa = PBXBuildFile; fileRef = 0FFD52FA26A6B29C006F5C50 /* Double.swift */; };
		0FFD52FD26A6C15F006F5C50 /* HomeViewModel.swift in Sources */ = {isa = PBXBuildFile; fileRef = 0FFD52FC26A6C15F006F5C50 /* HomeViewModel.swift */; };
		0FFD530026A6D744006F5C50 /* CoinDataService.swift in Sources */ = {isa = PBXBuildFile; fileRef = 0FFD52FF26A6D744006F5C50 /* CoinDataService.swift */; };
/* End PBXBuildFile section */

/* Begin PBXContainerItemProxy section */
		0FFD526726A69298006F5C50 /* PBXContainerItemProxy */ = {
			isa = PBXContainerItemProxy;
			containerPortal = 0FFD524826A69297006F5C50 /* Project object */;
			proxyType = 1;
			remoteGlobalIDString = 0FFD524F26A69297006F5C50;
			remoteInfo = SwiftfulCrypto;
		};
		0FFD527226A69298006F5C50 /* PBXContainerItemProxy */ = {
			isa = PBXContainerItemProxy;
			containerPortal = 0FFD524826A69297006F5C50 /* Project object */;
			proxyType = 1;
			remoteGlobalIDString = 0FFD524F26A69297006F5C50;
			remoteInfo = SwiftfulCrypto;
		};
/* End PBXContainerItemProxy section */

/* Begin PBXFileReference section */
		0F4D1D2026A9B3B200A6B929 /* PortfolioContainer.xcdatamodel */ = {isa = PBXFileReference; lastKnownFileType = wrapper.xcdatamodel; path = PortfolioContainer.xcdatamodel; sourceTree = "<group>"; };
		0F4D1D2226A9B53800A6B929 /* PortfolioDataService.swift */ = {isa = PBXFileReference; lastKnownFileType = sourcecode.swift; path = PortfolioDataService.swift; sourceTree = "<group>"; };
		0F59474526A890CC005ECA29 /* SearchBarView.swift */ = {isa = PBXFileReference; lastKnownFileType = sourcecode.swift; path = SearchBarView.swift; sourceTree = "<group>"; };
		0F59474726A89438005ECA29 /* UIApplication.swift */ = {isa = PBXFileReference; lastKnownFileType = sourcecode.swift; path = UIApplication.swift; sourceTree = "<group>"; };
		0F7A3EA626A7F78000C06921 /* NetworkingManager.swift */ = {isa = PBXFileReference; lastKnownFileType = sourcecode.swift; path = NetworkingManager.swift; sourceTree = "<group>"; };
		0F7A3EA926A803A800C06921 /* CoinImageView.swift */ = {isa = PBXFileReference; lastKnownFileType = sourcecode.swift; path = CoinImageView.swift; sourceTree = "<group>"; };
		0F7A3EAB26A8054400C06921 /* CoinImageService.swift */ = {isa = PBXFileReference; lastKnownFileType = sourcecode.swift; path = CoinImageService.swift; sourceTree = "<group>"; };
		0F7A3EAD26A806D900C06921 /* CoinImageViewModel.swift */ = {isa = PBXFileReference; lastKnownFileType = sourcecode.swift; path = CoinImageViewModel.swift; sourceTree = "<group>"; };
		0F7A3EAF26A80FD800C06921 /* LocalFileManager.swift */ = {isa = PBXFileReference; lastKnownFileType = sourcecode.swift; path = LocalFileManager.swift; sourceTree = "<group>"; };
		0F988FF626AAB5C40031CDDA /* HapticManager.swift */ = {isa = PBXFileReference; lastKnownFileType = sourcecode.swift; path = HapticManager.swift; sourceTree = "<group>"; };
		0F988FFB26AAE26A0031CDDA /* DetailView.swift */ = {isa = PBXFileReference; lastKnownFileType = sourcecode.swift; path = DetailView.swift; sourceTree = "<group>"; };
		0F988FFD26AAF0AD0031CDDA /* CoinDetailModel.swift */ = {isa = PBXFileReference; lastKnownFileType = sourcecode.swift; path = CoinDetailModel.swift; sourceTree = "<group>"; };
		0F988FFF26AAF1490031CDDA /* CoinDetailDataService.swift */ = {isa = PBXFileReference; lastKnownFileType = sourcecode.swift; path = CoinDetailDataService.swift; sourceTree = "<group>"; };
		0F98900126AAF24A0031CDDA /* DetailViewModel.swift */ = {isa = PBXFileReference; lastKnownFileType = sourcecode.swift; path = DetailViewModel.swift; sourceTree = "<group>"; };
		0FCDEE2C26A9251D0048B31A /* StatisticModel.swift */ = {isa = PBXFileReference; lastKnownFileType = sourcecode.swift; path = StatisticModel.swift; sourceTree = "<group>"; };
		0FCDEE2E26A92ED10048B31A /* StatisticView.swift */ = {isa = PBXFileReference; lastKnownFileType = sourcecode.swift; path = StatisticView.swift; sourceTree = "<group>"; };
		0FCDEE3026A9313E0048B31A /* HomeStatsView.swift */ = {isa = PBXFileReference; lastKnownFileType = sourcecode.swift; path = HomeStatsView.swift; sourceTree = "<group>"; };
		0FCDEE3226A94F3E0048B31A /* MarketDataModel.swift */ = {isa = PBXFileReference; lastKnownFileType = sourcecode.swift; path = MarketDataModel.swift; sourceTree = "<group>"; };
		0FCDEE3426A959470048B31A /* MarketDataService.swift */ = {isa = PBXFileReference; lastKnownFileType = sourcecode.swift; path = MarketDataService.swift; sourceTree = "<group>"; };
		0FCDEE3626A99BB40048B31A /* PortfolioView.swift */ = {isa = PBXFileReference; lastKnownFileType = sourcecode.swift; path = PortfolioView.swift; sourceTree = "<group>"; };
		0FCDEE3826A99E3C0048B31A /* XMarkButton.swift */ = {isa = PBXFileReference; lastKnownFileType = sourcecode.swift; path = XMarkButton.swift; sourceTree = "<group>"; };
		0FCDEE3A26A9A18D0048B31A /* CoinLogoView.swift */ = {isa = PBXFileReference; lastKnownFileType = sourcecode.swift; path = CoinLogoView.swift; sourceTree = "<group>"; };
		0FFD525026A69297006F5C50 /* SwiftfulCrypto.app */ = {isa = PBXFileReference; explicitFileType = wrapper.application; includeInIndex = 0; path = SwiftfulCrypto.app; sourceTree = BUILT_PRODUCTS_DIR; };
		0FFD525326A69297006F5C50 /* SwiftfulCryptoApp.swift */ = {isa = PBXFileReference; lastKnownFileType = sourcecode.swift; path = SwiftfulCryptoApp.swift; sourceTree = "<group>"; };
		0FFD525526A69297006F5C50 /* ContentView.swift */ = {isa = PBXFileReference; lastKnownFileType = sourcecode.swift; path = ContentView.swift; sourceTree = "<group>"; };
		0FFD525726A69298006F5C50 /* Assets.xcassets */ = {isa = PBXFileReference; lastKnownFileType = folder.assetcatalog; path = Assets.xcassets; sourceTree = "<group>"; };
		0FFD525A26A69298006F5C50 /* Preview Assets.xcassets */ = {isa = PBXFileReference; lastKnownFileType = folder.assetcatalog; path = "Preview Assets.xcassets"; sourceTree = "<group>"; };
		0FFD525C26A69298006F5C50 /* Persistence.swift */ = {isa = PBXFileReference; lastKnownFileType = sourcecode.swift; path = Persistence.swift; sourceTree = "<group>"; };
		0FFD525F26A69298006F5C50 /* SwiftfulCrypto.xcdatamodel */ = {isa = PBXFileReference; lastKnownFileType = wrapper.xcdatamodel; path = SwiftfulCrypto.xcdatamodel; sourceTree = "<group>"; };
		0FFD526126A69298006F5C50 /* Info.plist */ = {isa = PBXFileReference; lastKnownFileType = text.plist.xml; path = Info.plist; sourceTree = "<group>"; };
		0FFD526626A69298006F5C50 /* SwiftfulCryptoTests.xctest */ = {isa = PBXFileReference; explicitFileType = wrapper.cfbundle; includeInIndex = 0; path = SwiftfulCryptoTests.xctest; sourceTree = BUILT_PRODUCTS_DIR; };
		0FFD526A26A69298006F5C50 /* SwiftfulCryptoTests.swift */ = {isa = PBXFileReference; lastKnownFileType = sourcecode.swift; path = SwiftfulCryptoTests.swift; sourceTree = "<group>"; };
		0FFD526C26A69298006F5C50 /* Info.plist */ = {isa = PBXFileReference; lastKnownFileType = text.plist.xml; path = Info.plist; sourceTree = "<group>"; };
		0FFD527126A69298006F5C50 /* SwiftfulCryptoUITests.xctest */ = {isa = PBXFileReference; explicitFileType = wrapper.cfbundle; includeInIndex = 0; path = SwiftfulCryptoUITests.xctest; sourceTree = BUILT_PRODUCTS_DIR; };
		0FFD527526A69298006F5C50 /* SwiftfulCryptoUITests.swift */ = {isa = PBXFileReference; lastKnownFileType = sourcecode.swift; path = SwiftfulCryptoUITests.swift; sourceTree = "<group>"; };
		0FFD527726A69298006F5C50 /* Info.plist */ = {isa = PBXFileReference; lastKnownFileType = text.plist.xml; path = Info.plist; sourceTree = "<group>"; };
		0FFD52E326A6963A006F5C50 /* Color.swift */ = {isa = PBXFileReference; lastKnownFileType = sourcecode.swift; path = Color.swift; sourceTree = "<group>"; };
		0FFD52EA26A69B8E006F5C50 /* HomeView.swift */ = {isa = PBXFileReference; lastKnownFileType = sourcecode.swift; path = HomeView.swift; sourceTree = "<group>"; };
		0FFD52EE26A69C62006F5C50 /* CircleButtonView.swift */ = {isa = PBXFileReference; lastKnownFileType = sourcecode.swift; path = CircleButtonView.swift; sourceTree = "<group>"; };
		0FFD52F026A69E6F006F5C50 /* CircleButtonAnimationView.swift */ = {isa = PBXFileReference; lastKnownFileType = sourcecode.swift; path = CircleButtonAnimationView.swift; sourceTree = "<group>"; };
		0FFD52F426A6A084006F5C50 /* CoinModel.swift */ = {isa = PBXFileReference; lastKnownFileType = sourcecode.swift; path = CoinModel.swift; sourceTree = "<group>"; };
		0FFD52F626A6AD22006F5C50 /* CoinRowView.swift */ = {isa = PBXFileReference; lastKnownFileType = sourcecode.swift; path = CoinRowView.swift; sourceTree = "<group>"; };
		0FFD52F826A6AD89006F5C50 /* PreviewProvider.swift */ = {isa = PBXFileReference; lastKnownFileType = sourcecode.swift; path = PreviewProvider.swift; sourceTree = "<group>"; };
		0FFD52FA26A6B29C006F5C50 /* Double.swift */ = {isa = PBXFileReference; lastKnownFileType = sourcecode.swift; path = Double.swift; sourceTree = "<group>"; };
		0FFD52FC26A6C15F006F5C50 /* HomeViewModel.swift */ = {isa = PBXFileReference; lastKnownFileType = sourcecode.swift; path = HomeViewModel.swift; sourceTree = "<group>"; };
		0FFD52FF26A6D744006F5C50 /* CoinDataService.swift */ = {isa = PBXFileReference; lastKnownFileType = sourcecode.swift; path = CoinDataService.swift; sourceTree = "<group>"; };
/* End PBXFileReference section */

/* Begin PBXFrameworksBuildPhase section */
		0FFD524D26A69297006F5C50 /* Frameworks */ = {
			isa = PBXFrameworksBuildPhase;
			buildActionMask = 2147483647;
			files = (
			);
			runOnlyForDeploymentPostprocessing = 0;
		};
		0FFD526326A69298006F5C50 /* Frameworks */ = {
			isa = PBXFrameworksBuildPhase;
			buildActionMask = 2147483647;
			files = (
			);
			runOnlyForDeploymentPostprocessing = 0;
		};
		0FFD526E26A69298006F5C50 /* Frameworks */ = {
			isa = PBXFrameworksBuildPhase;
			buildActionMask = 2147483647;
			files = (
			);
			runOnlyForDeploymentPostprocessing = 0;
		};
/* End PBXFrameworksBuildPhase section */

/* Begin PBXGroup section */
		0F7A3EA526A7F73E00C06921 /* Utilities */ = {
			isa = PBXGroup;
			children = (
				0F7A3EA626A7F78000C06921 /* NetworkingManager.swift */,
				0F7A3EAF26A80FD800C06921 /* LocalFileManager.swift */,
				0F988FF626AAB5C40031CDDA /* HapticManager.swift */,
			);
			path = Utilities;
			sourceTree = "<group>";
		};
		0F7A3EA826A8039900C06921 /* CoinImage */ = {
			isa = PBXGroup;
			children = (
				0F7A3EA926A803A800C06921 /* CoinImageView.swift */,
				0F7A3EAD26A806D900C06921 /* CoinImageViewModel.swift */,
				0FCDEE3A26A9A18D0048B31A /* CoinLogoView.swift */,
			);
			path = CoinImage;
			sourceTree = "<group>";
		};
		0F988FF826AAE24F0031CDDA /* Details */ = {
			isa = PBXGroup;
			children = (
				0F988FFA26AAE25A0031CDDA /* ViewModels */,
				0F988FF926AAE2550031CDDA /* Views */,
			);
			path = Details;
			sourceTree = "<group>";
		};
		0F988FF926AAE2550031CDDA /* Views */ = {
			isa = PBXGroup;
			children = (
				0F988FFB26AAE26A0031CDDA /* DetailView.swift */,
			);
			path = Views;
			sourceTree = "<group>";
		};
		0F988FFA26AAE25A0031CDDA /* ViewModels */ = {
			isa = PBXGroup;
			children = (
				0F98900126AAF24A0031CDDA /* DetailViewModel.swift */,
			);
			path = ViewModels;
			sourceTree = "<group>";
		};
		0FFD524726A69297006F5C50 = {
			isa = PBXGroup;
			children = (
				0FFD525226A69297006F5C50 /* SwiftfulCrypto */,
				0FFD526926A69298006F5C50 /* SwiftfulCryptoTests */,
				0FFD527426A69298006F5C50 /* SwiftfulCryptoUITests */,
				0FFD525126A69297006F5C50 /* Products */,
			);
			sourceTree = "<group>";
		};
		0FFD525126A69297006F5C50 /* Products */ = {
			isa = PBXGroup;
			children = (
				0FFD525026A69297006F5C50 /* SwiftfulCrypto.app */,
				0FFD526626A69298006F5C50 /* SwiftfulCryptoTests.xctest */,
				0FFD527126A69298006F5C50 /* SwiftfulCryptoUITests.xctest */,
			);
			name = Products;
			sourceTree = "<group>";
		};
		0FFD525226A69297006F5C50 /* SwiftfulCrypto */ = {
			isa = PBXGroup;
			children = (
				0F988FF826AAE24F0031CDDA /* Details */,
				0F7A3EA526A7F73E00C06921 /* Utilities */,
				0FFD52FE26A6D734006F5C50 /* Service */,
				0FFD52F326A6A072006F5C50 /* Models */,
				0FFD52E526A69702006F5C50 /* Extensions */,
				0FFD52E626A69B5F006F5C50 /* Core */,
				0FFD525326A69297006F5C50 /* SwiftfulCryptoApp.swift */,
				0FFD525526A69297006F5C50 /* ContentView.swift */,
				0FFD525726A69298006F5C50 /* Assets.xcassets */,
				0FFD525C26A69298006F5C50 /* Persistence.swift */,
				0FFD526126A69298006F5C50 /* Info.plist */,
				0FFD525E26A69298006F5C50 /* SwiftfulCrypto.xcdatamodeld */,
				0FFD525926A69298006F5C50 /* Preview Content */,
			);
			path = SwiftfulCrypto;
			sourceTree = "<group>";
		};
		0FFD525926A69298006F5C50 /* Preview Content */ = {
			isa = PBXGroup;
			children = (
				0FFD525A26A69298006F5C50 /* Preview Assets.xcassets */,
			);
			path = "Preview Content";
			sourceTree = "<group>";
		};
		0FFD526926A69298006F5C50 /* SwiftfulCryptoTests */ = {
			isa = PBXGroup;
			children = (
				0FFD526A26A69298006F5C50 /* SwiftfulCryptoTests.swift */,
				0FFD526C26A69298006F5C50 /* Info.plist */,
			);
			path = SwiftfulCryptoTests;
			sourceTree = "<group>";
		};
		0FFD527426A69298006F5C50 /* SwiftfulCryptoUITests */ = {
			isa = PBXGroup;
			children = (
				0FFD527526A69298006F5C50 /* SwiftfulCryptoUITests.swift */,
				0FFD527726A69298006F5C50 /* Info.plist */,
			);
			path = SwiftfulCryptoUITests;
			sourceTree = "<group>";
		};
		0FFD52E526A69702006F5C50 /* Extensions */ = {
			isa = PBXGroup;
			children = (
				0FFD52E326A6963A006F5C50 /* Color.swift */,
				0FFD52F826A6AD89006F5C50 /* PreviewProvider.swift */,
				0FFD52FA26A6B29C006F5C50 /* Double.swift */,
				0F59474726A89438005ECA29 /* UIApplication.swift */,
			);
			path = Extensions;
			sourceTree = "<group>";
		};
		0FFD52E626A69B5F006F5C50 /* Core */ = {
			isa = PBXGroup;
			children = (
				0FFD52EC26A69C41006F5C50 /* Components */,
				0FFD52E726A69B74006F5C50 /* Home */,
			);
			path = Core;
			sourceTree = "<group>";
		};
		0FFD52E726A69B74006F5C50 /* Home */ = {
			isa = PBXGroup;
			children = (
				0FFD52E926A69B7E006F5C50 /* ViewModels */,
				0FFD52E826A69B79006F5C50 /* Views */,
			);
			path = Home;
			sourceTree = "<group>";
		};
		0FFD52E826A69B79006F5C50 /* Views */ = {
			isa = PBXGroup;
			children = (
				0FFD52EA26A69B8E006F5C50 /* HomeView.swift */,
				0FCDEE3026A9313E0048B31A /* HomeStatsView.swift */,
				0FFD52F626A6AD22006F5C50 /* CoinRowView.swift */,
				0FCDEE3626A99BB40048B31A /* PortfolioView.swift */,
			);
			path = Views;
			sourceTree = "<group>";
		};
		0FFD52E926A69B7E006F5C50 /* ViewModels */ = {
			isa = PBXGroup;
			children = (
				0FFD52FC26A6C15F006F5C50 /* HomeViewModel.swift */,
			);
			path = ViewModels;
			sourceTree = "<group>";
		};
		0FFD52EC26A69C41006F5C50 /* Components */ = {
			isa = PBXGroup;
			children = (
				0FCDEE3826A99E3C0048B31A /* XMarkButton.swift */,
				0F7A3EA826A8039900C06921 /* CoinImage */,
				0FFD52ED26A69C52006F5C50 /* CircleButton */,
				0F59474526A890CC005ECA29 /* SearchBarView.swift */,
				0FCDEE2E26A92ED10048B31A /* StatisticView.swift */,
			);
			path = Components;
			sourceTree = "<group>";
		};
		0FFD52ED26A69C52006F5C50 /* CircleButton */ = {
			isa = PBXGroup;
			children = (
				0FFD52EE26A69C62006F5C50 /* CircleButtonView.swift */,
				0FFD52F026A69E6F006F5C50 /* CircleButtonAnimationView.swift */,
			);
			path = CircleButton;
			sourceTree = "<group>";
		};
		0FFD52F326A6A072006F5C50 /* Models */ = {
			isa = PBXGroup;
			children = (
				0FFD52F426A6A084006F5C50 /* CoinModel.swift */,
				0F988FFD26AAF0AD0031CDDA /* CoinDetailModel.swift */,
				0FCDEE2C26A9251D0048B31A /* StatisticModel.swift */,
				0FCDEE3226A94F3E0048B31A /* MarketDataModel.swift */,
				0F4D1D1F26A9B3B200A6B929 /* PortfolioContainer.xcdatamodeld */,
			);
			path = Models;
			sourceTree = "<group>";
		};
		0FFD52FE26A6D734006F5C50 /* Service */ = {
			isa = PBXGroup;
			children = (
				0FFD52FF26A6D744006F5C50 /* CoinDataService.swift */,
				0F988FFF26AAF1490031CDDA /* CoinDetailDataService.swift */,
				0F7A3EAB26A8054400C06921 /* CoinImageService.swift */,
				0FCDEE3426A959470048B31A /* MarketDataService.swift */,
				0F4D1D2226A9B53800A6B929 /* PortfolioDataService.swift */,
			);
			path = Service;
			sourceTree = "<group>";
		};
/* End PBXGroup section */

/* Begin PBXNativeTarget section */
		0FFD524F26A69297006F5C50 /* SwiftfulCrypto */ = {
			isa = PBXNativeTarget;
			buildConfigurationList = 0FFD527A26A69298006F5C50 /* Build configuration list for PBXNativeTarget "SwiftfulCrypto" */;
			buildPhases = (
				0FFD524C26A69297006F5C50 /* Sources */,
				0FFD524D26A69297006F5C50 /* Frameworks */,
				0FFD524E26A69297006F5C50 /* Resources */,
			);
			buildRules = (
			);
			dependencies = (
			);
			name = SwiftfulCrypto;
			productName = SwiftfulCrypto;
			productReference = 0FFD525026A69297006F5C50 /* SwiftfulCrypto.app */;
			productType = "com.apple.product-type.application";
		};
		0FFD526526A69298006F5C50 /* SwiftfulCryptoTests */ = {
			isa = PBXNativeTarget;
			buildConfigurationList = 0FFD527D26A69298006F5C50 /* Build configuration list for PBXNativeTarget "SwiftfulCryptoTests" */;
			buildPhases = (
				0FFD526226A69298006F5C50 /* Sources */,
				0FFD526326A69298006F5C50 /* Frameworks */,
				0FFD526426A69298006F5C50 /* Resources */,
			);
			buildRules = (
			);
			dependencies = (
				0FFD526826A69298006F5C50 /* PBXTargetDependency */,
			);
			name = SwiftfulCryptoTests;
			productName = SwiftfulCryptoTests;
			productReference = 0FFD526626A69298006F5C50 /* SwiftfulCryptoTests.xctest */;
			productType = "com.apple.product-type.bundle.unit-test";
		};
		0FFD527026A69298006F5C50 /* SwiftfulCryptoUITests */ = {
			isa = PBXNativeTarget;
			buildConfigurationList = 0FFD528026A69298006F5C50 /* Build configuration list for PBXNativeTarget "SwiftfulCryptoUITests" */;
			buildPhases = (
				0FFD526D26A69298006F5C50 /* Sources */,
				0FFD526E26A69298006F5C50 /* Frameworks */,
				0FFD526F26A69298006F5C50 /* Resources */,
			);
			buildRules = (
			);
			dependencies = (
				0FFD527326A69298006F5C50 /* PBXTargetDependency */,
			);
			name = SwiftfulCryptoUITests;
			productName = SwiftfulCryptoUITests;
			productReference = 0FFD527126A69298006F5C50 /* SwiftfulCryptoUITests.xctest */;
			productType = "com.apple.product-type.bundle.ui-testing";
		};
/* End PBXNativeTarget section */

/* Begin PBXProject section */
		0FFD524826A69297006F5C50 /* Project object */ = {
			isa = PBXProject;
			attributes = {
				LastSwiftUpdateCheck = 1250;
				LastUpgradeCheck = 1250;
				TargetAttributes = {
					0FFD524F26A69297006F5C50 = {
						CreatedOnToolsVersion = 12.5.1;
					};
					0FFD526526A69298006F5C50 = {
						CreatedOnToolsVersion = 12.5.1;
						TestTargetID = 0FFD524F26A69297006F5C50;
					};
					0FFD527026A69298006F5C50 = {
						CreatedOnToolsVersion = 12.5.1;
						TestTargetID = 0FFD524F26A69297006F5C50;
					};
				};
			};
			buildConfigurationList = 0FFD524B26A69297006F5C50 /* Build configuration list for PBXProject "SwiftfulCrypto" */;
			compatibilityVersion = "Xcode 9.3";
			developmentRegion = en;
			hasScannedForEncodings = 0;
			knownRegions = (
				en,
				Base,
			);
			mainGroup = 0FFD524726A69297006F5C50;
			productRefGroup = 0FFD525126A69297006F5C50 /* Products */;
			projectDirPath = "";
			projectRoot = "";
			targets = (
				0FFD524F26A69297006F5C50 /* SwiftfulCrypto */,
				0FFD526526A69298006F5C50 /* SwiftfulCryptoTests */,
				0FFD527026A69298006F5C50 /* SwiftfulCryptoUITests */,
			);
		};
/* End PBXProject section */

/* Begin PBXResourcesBuildPhase section */
		0FFD524E26A69297006F5C50 /* Resources */ = {
			isa = PBXResourcesBuildPhase;
			buildActionMask = 2147483647;
			files = (
				0FFD525B26A69298006F5C50 /* Preview Assets.xcassets in Resources */,
				0FFD525826A69298006F5C50 /* Assets.xcassets in Resources */,
			);
			runOnlyForDeploymentPostprocessing = 0;
		};
		0FFD526426A69298006F5C50 /* Resources */ = {
			isa = PBXResourcesBuildPhase;
			buildActionMask = 2147483647;
			files = (
			);
			runOnlyForDeploymentPostprocessing = 0;
		};
		0FFD526F26A69298006F5C50 /* Resources */ = {
			isa = PBXResourcesBuildPhase;
			buildActionMask = 2147483647;
			files = (
			);
			runOnlyForDeploymentPostprocessing = 0;
		};
/* End PBXResourcesBuildPhase section */

/* Begin PBXSourcesBuildPhase section */
		0FFD524C26A69297006F5C50 /* Sources */ = {
			isa = PBXSourcesBuildPhase;
			buildActionMask = 2147483647;
			files = (
				0F59474626A890CC005ECA29 /* SearchBarView.swift in Sources */,
				0FFD526026A69298006F5C50 /* SwiftfulCrypto.xcdatamodeld in Sources */,
				0F988FF726AAB5C40031CDDA /* HapticManager.swift in Sources */,
				0FFD525D26A69298006F5C50 /* Persistence.swift in Sources */,
				0FCDEE3926A99E3C0048B31A /* XMarkButton.swift in Sources */,
				0FFD530026A6D744006F5C50 /* CoinDataService.swift in Sources */,
				0F7A3EA726A7F78000C06921 /* NetworkingManager.swift in Sources */,
				0FFD52F726A6AD22006F5C50 /* CoinRowView.swift in Sources */,
				0F7A3EAA26A803A800C06921 /* CoinImageView.swift in Sources */,
				0F98900026AAF1490031CDDA /* CoinDetailDataService.swift in Sources */,
				0F4D1D2326A9B53800A6B929 /* PortfolioDataService.swift in Sources */,
				0F4D1D2126A9B3B200A6B929 /* PortfolioContainer.xcdatamodeld in Sources */,
				0FCDEE3726A99BB40048B31A /* PortfolioView.swift in Sources */,
				0F7A3EB026A80FD800C06921 /* LocalFileManager.swift in Sources */,
				0FFD52EF26A69C62006F5C50 /* CircleButtonView.swift in Sources */,
				0F7A3EAC26A8054400C06921 /* CoinImageService.swift in Sources */,
				0FFD52F126A69E6F006F5C50 /* CircleButtonAnimationView.swift in Sources */,
				0F988FFC26AAE26A0031CDDA /* DetailView.swift in Sources */,
				0F7A3EAE26A806D900C06921 /* CoinImageViewModel.swift in Sources */,
				0FFD525626A69297006F5C50 /* ContentView.swift in Sources */,
				0F988FFE26AAF0AD0031CDDA /* CoinDetailModel.swift in Sources */,
				0FCDEE3526A959470048B31A /* MarketDataService.swift in Sources */,
				0FFD52F926A6AD89006F5C50 /* PreviewProvider.swift in Sources */,
				0FCDEE2F26A92ED10048B31A /* StatisticView.swift in Sources */,
				0FCDEE3326A94F3E0048B31A /* MarketDataModel.swift in Sources */,
				0FFD52EB26A69B8E006F5C50 /* HomeView.swift in Sources */,
				0F59474826A89438005ECA29 /* UIApplication.swift in Sources */,
				0FCDEE3B26A9A18D0048B31A /* CoinLogoView.swift in Sources */,
				0FCDEE3126A9313E0048B31A /* HomeStatsView.swift in Sources */,
				0FFD52FD26A6C15F006F5C50 /* HomeViewModel.swift in Sources */,
				0FFD52E426A6963A006F5C50 /* Color.swift in Sources */,
				0F98900226AAF24A0031CDDA /* DetailViewModel.swift in Sources */,
				0FFD52F526A6A084006F5C50 /* CoinModel.swift in Sources */,
				0FFD52FB26A6B29C006F5C50 /* Double.swift in Sources */,
				0FFD525426A69297006F5C50 /* SwiftfulCryptoApp.swift in Sources */,
				0FCDEE2D26A9251D0048B31A /* StatisticModel.swift in Sources */,
			);
			runOnlyForDeploymentPostprocessing = 0;
		};
		0FFD526226A69298006F5C50 /* Sources */ = {
			isa = PBXSourcesBuildPhase;
			buildActionMask = 2147483647;
			files = (
				0FFD526B26A69298006F5C50 /* SwiftfulCryptoTests.swift in Sources */,
			);
			runOnlyForDeploymentPostprocessing = 0;
		};
		0FFD526D26A69298006F5C50 /* Sources */ = {
			isa = PBXSourcesBuildPhase;
			buildActionMask = 2147483647;
			files = (
				0FFD527626A69298006F5C50 /* SwiftfulCryptoUITests.swift in Sources */,
			);
			runOnlyForDeploymentPostprocessing = 0;
		};
/* End PBXSourcesBuildPhase section */

/* Begin PBXTargetDependency section */
		0FFD526826A69298006F5C50 /* PBXTargetDependency */ = {
			isa = PBXTargetDependency;
			target = 0FFD524F26A69297006F5C50 /* SwiftfulCrypto */;
			targetProxy = 0FFD526726A69298006F5C50 /* PBXContainerItemProxy */;
		};
		0FFD527326A69298006F5C50 /* PBXTargetDependency */ = {
			isa = PBXTargetDependency;
			target = 0FFD524F26A69297006F5C50 /* SwiftfulCrypto */;
			targetProxy = 0FFD527226A69298006F5C50 /* PBXContainerItemProxy */;
		};
/* End PBXTargetDependency section */

/* Begin XCBuildConfiguration section */
		0FFD527826A69298006F5C50 /* Debug */ = {
			isa = XCBuildConfiguration;
			buildSettings = {
				ALWAYS_SEARCH_USER_PATHS = NO;
				CLANG_ANALYZER_NONNULL = YES;
				CLANG_ANALYZER_NUMBER_OBJECT_CONVERSION = YES_AGGRESSIVE;
				CLANG_CXX_LANGUAGE_STANDARD = "gnu++14";
				CLANG_CXX_LIBRARY = "libc++";
				CLANG_ENABLE_MODULES = YES;
				CLANG_ENABLE_OBJC_ARC = YES;
				CLANG_ENABLE_OBJC_WEAK = YES;
				CLANG_WARN_BLOCK_CAPTURE_AUTORELEASING = YES;
				CLANG_WARN_BOOL_CONVERSION = YES;
				CLANG_WARN_COMMA = YES;
				CLANG_WARN_CONSTANT_CONVERSION = YES;
				CLANG_WARN_DEPRECATED_OBJC_IMPLEMENTATIONS = YES;
				CLANG_WARN_DIRECT_OBJC_ISA_USAGE = YES_ERROR;
				CLANG_WARN_DOCUMENTATION_COMMENTS = YES;
				CLANG_WARN_EMPTY_BODY = YES;
				CLANG_WARN_ENUM_CONVERSION = YES;
				CLANG_WARN_INFINITE_RECURSION = YES;
				CLANG_WARN_INT_CONVERSION = YES;
				CLANG_WARN_NON_LITERAL_NULL_CONVERSION = YES;
				CLANG_WARN_OBJC_IMPLICIT_RETAIN_SELF = YES;
				CLANG_WARN_OBJC_LITERAL_CONVERSION = YES;
				CLANG_WARN_OBJC_ROOT_CLASS = YES_ERROR;
				CLANG_WARN_QUOTED_INCLUDE_IN_FRAMEWORK_HEADER = YES;
				CLANG_WARN_RANGE_LOOP_ANALYSIS = YES;
				CLANG_WARN_STRICT_PROTOTYPES = YES;
				CLANG_WARN_SUSPICIOUS_MOVE = YES;
				CLANG_WARN_UNGUARDED_AVAILABILITY = YES_AGGRESSIVE;
				CLANG_WARN_UNREACHABLE_CODE = YES;
				CLANG_WARN__DUPLICATE_METHOD_MATCH = YES;
				COPY_PHASE_STRIP = NO;
				DEBUG_INFORMATION_FORMAT = dwarf;
				ENABLE_STRICT_OBJC_MSGSEND = YES;
				ENABLE_TESTABILITY = YES;
				GCC_C_LANGUAGE_STANDARD = gnu11;
				GCC_DYNAMIC_NO_PIC = NO;
				GCC_NO_COMMON_BLOCKS = YES;
				GCC_OPTIMIZATION_LEVEL = 0;
				GCC_PREPROCESSOR_DEFINITIONS = (
					"DEBUG=1",
					"$(inherited)",
				);
				GCC_WARN_64_TO_32_BIT_CONVERSION = YES;
				GCC_WARN_ABOUT_RETURN_TYPE = YES_ERROR;
				GCC_WARN_UNDECLARED_SELECTOR = YES;
				GCC_WARN_UNINITIALIZED_AUTOS = YES_AGGRESSIVE;
				GCC_WARN_UNUSED_FUNCTION = YES;
				GCC_WARN_UNUSED_VARIABLE = YES;
				IPHONEOS_DEPLOYMENT_TARGET = 14.5;
				MTL_ENABLE_DEBUG_INFO = INCLUDE_SOURCE;
				MTL_FAST_MATH = YES;
				ONLY_ACTIVE_ARCH = YES;
				SDKROOT = iphoneos;
				SWIFT_ACTIVE_COMPILATION_CONDITIONS = DEBUG;
				SWIFT_OPTIMIZATION_LEVEL = "-Onone";
			};
			name = Debug;
		};
		0FFD527926A69298006F5C50 /* Release */ = {
			isa = XCBuildConfiguration;
			buildSettings = {
				ALWAYS_SEARCH_USER_PATHS = NO;
				CLANG_ANALYZER_NONNULL = YES;
				CLANG_ANALYZER_NUMBER_OBJECT_CONVERSION = YES_AGGRESSIVE;
				CLANG_CXX_LANGUAGE_STANDARD = "gnu++14";
				CLANG_CXX_LIBRARY = "libc++";
				CLANG_ENABLE_MODULES = YES;
				CLANG_ENABLE_OBJC_ARC = YES;
				CLANG_ENABLE_OBJC_WEAK = YES;
				CLANG_WARN_BLOCK_CAPTURE_AUTORELEASING = YES;
				CLANG_WARN_BOOL_CONVERSION = YES;
				CLANG_WARN_COMMA = YES;
				CLANG_WARN_CONSTANT_CONVERSION = YES;
				CLANG_WARN_DEPRECATED_OBJC_IMPLEMENTATIONS = YES;
				CLANG_WARN_DIRECT_OBJC_ISA_USAGE = YES_ERROR;
				CLANG_WARN_DOCUMENTATION_COMMENTS = YES;
				CLANG_WARN_EMPTY_BODY = YES;
				CLANG_WARN_ENUM_CONVERSION = YES;
				CLANG_WARN_INFINITE_RECURSION = YES;
				CLANG_WARN_INT_CONVERSION = YES;
				CLANG_WARN_NON_LITERAL_NULL_CONVERSION = YES;
				CLANG_WARN_OBJC_IMPLICIT_RETAIN_SELF = YES;
				CLANG_WARN_OBJC_LITERAL_CONVERSION = YES;
				CLANG_WARN_OBJC_ROOT_CLASS = YES_ERROR;
				CLANG_WARN_QUOTED_INCLUDE_IN_FRAMEWORK_HEADER = YES;
				CLANG_WARN_RANGE_LOOP_ANALYSIS = YES;
				CLANG_WARN_STRICT_PROTOTYPES = YES;
				CLANG_WARN_SUSPICIOUS_MOVE = YES;
				CLANG_WARN_UNGUARDED_AVAILABILITY = YES_AGGRESSIVE;
				CLANG_WARN_UNREACHABLE_CODE = YES;
				CLANG_WARN__DUPLICATE_METHOD_MATCH = YES;
				COPY_PHASE_STRIP = NO;
				DEBUG_INFORMATION_FORMAT = "dwarf-with-dsym";
				ENABLE_NS_ASSERTIONS = NO;
				ENABLE_STRICT_OBJC_MSGSEND = YES;
				GCC_C_LANGUAGE_STANDARD = gnu11;
				GCC_NO_COMMON_BLOCKS = YES;
				GCC_WARN_64_TO_32_BIT_CONVERSION = YES;
				GCC_WARN_ABOUT_RETURN_TYPE = YES_ERROR;
				GCC_WARN_UNDECLARED_SELECTOR = YES;
				GCC_WARN_UNINITIALIZED_AUTOS = YES_AGGRESSIVE;
				GCC_WARN_UNUSED_FUNCTION = YES;
				GCC_WARN_UNUSED_VARIABLE = YES;
				IPHONEOS_DEPLOYMENT_TARGET = 14.5;
				MTL_ENABLE_DEBUG_INFO = NO;
				MTL_FAST_MATH = YES;
				SDKROOT = iphoneos;
				SWIFT_COMPILATION_MODE = wholemodule;
				SWIFT_OPTIMIZATION_LEVEL = "-O";
				VALIDATE_PRODUCT = YES;
			};
			name = Release;
		};
		0FFD527B26A69298006F5C50 /* Debug */ = {
			isa = XCBuildConfiguration;
			buildSettings = {
				ASSETCATALOG_COMPILER_APPICON_NAME = AppIcon;
				ASSETCATALOG_COMPILER_GLOBAL_ACCENT_COLOR_NAME = AccentColor;
				CODE_SIGN_STYLE = Automatic;
				DEVELOPMENT_ASSET_PATHS = "\"SwiftfulCrypto/Preview Content\"";
				DEVELOPMENT_TEAM = 49XJ9L9WAK;
				ENABLE_PREVIEWS = YES;
				INFOPLIST_FILE = SwiftfulCrypto/Info.plist;
				IPHONEOS_DEPLOYMENT_TARGET = 14.0;
				LD_RUNPATH_SEARCH_PATHS = (
					"$(inherited)",
					"@executable_path/Frameworks",
				);
				PRODUCT_BUNDLE_IDENTIFIER = com.CaffeineShawn.SwiftfulCrypto;
				PRODUCT_NAME = "$(TARGET_NAME)";
				SWIFT_VERSION = 5.0;
				TARGETED_DEVICE_FAMILY = "1,2";
			};
			name = Debug;
		};
		0FFD527C26A69298006F5C50 /* Release */ = {
			isa = XCBuildConfiguration;
			buildSettings = {
				ASSETCATALOG_COMPILER_APPICON_NAME = AppIcon;
				ASSETCATALOG_COMPILER_GLOBAL_ACCENT_COLOR_NAME = AccentColor;
				CODE_SIGN_STYLE = Automatic;
				DEVELOPMENT_ASSET_PATHS = "\"SwiftfulCrypto/Preview Content\"";
				DEVELOPMENT_TEAM = 49XJ9L9WAK;
				ENABLE_PREVIEWS = YES;
				INFOPLIST_FILE = SwiftfulCrypto/Info.plist;
				IPHONEOS_DEPLOYMENT_TARGET = 14.0;
				LD_RUNPATH_SEARCH_PATHS = (
					"$(inherited)",
					"@executable_path/Frameworks",
				);
				PRODUCT_BUNDLE_IDENTIFIER = com.CaffeineShawn.SwiftfulCrypto;
				PRODUCT_NAME = "$(TARGET_NAME)";
				SWIFT_VERSION = 5.0;
				TARGETED_DEVICE_FAMILY = "1,2";
			};
			name = Release;
		};
		0FFD527E26A69298006F5C50 /* Debug */ = {
			isa = XCBuildConfiguration;
			buildSettings = {
				ALWAYS_EMBED_SWIFT_STANDARD_LIBRARIES = YES;
				BUNDLE_LOADER = "$(TEST_HOST)";
				CODE_SIGN_STYLE = Automatic;
				INFOPLIST_FILE = SwiftfulCryptoTests/Info.plist;
				IPHONEOS_DEPLOYMENT_TARGET = 14.0;
				LD_RUNPATH_SEARCH_PATHS = (
					"$(inherited)",
					"@executable_path/Frameworks",
					"@loader_path/Frameworks",
				);
				PRODUCT_BUNDLE_IDENTIFIER = com.CaffeineShawn.SwiftfulCryptoTests;
				PRODUCT_NAME = "$(TARGET_NAME)";
				SWIFT_VERSION = 5.0;
				TARGETED_DEVICE_FAMILY = "1,2";
				TEST_HOST = "$(BUILT_PRODUCTS_DIR)/SwiftfulCrypto.app/SwiftfulCrypto";
			};
			name = Debug;
		};
		0FFD527F26A69298006F5C50 /* Release */ = {
			isa = XCBuildConfiguration;
			buildSettings = {
				ALWAYS_EMBED_SWIFT_STANDARD_LIBRARIES = YES;
				BUNDLE_LOADER = "$(TEST_HOST)";
				CODE_SIGN_STYLE = Automatic;
				INFOPLIST_FILE = SwiftfulCryptoTests/Info.plist;
				IPHONEOS_DEPLOYMENT_TARGET = 14.0;
				LD_RUNPATH_SEARCH_PATHS = (
					"$(inherited)",
					"@executable_path/Frameworks",
					"@loader_path/Frameworks",
				);
				PRODUCT_BUNDLE_IDENTIFIER = com.CaffeineShawn.SwiftfulCryptoTests;
				PRODUCT_NAME = "$(TARGET_NAME)";
				SWIFT_VERSION = 5.0;
				TARGETED_DEVICE_FAMILY = "1,2";
				TEST_HOST = "$(BUILT_PRODUCTS_DIR)/SwiftfulCrypto.app/SwiftfulCrypto";
			};
			name = Release;
		};
		0FFD528126A69298006F5C50 /* Debug */ = {
			isa = XCBuildConfiguration;
			buildSettings = {
				ALWAYS_EMBED_SWIFT_STANDARD_LIBRARIES = YES;
				CODE_SIGN_STYLE = Automatic;
				INFOPLIST_FILE = SwiftfulCryptoUITests/Info.plist;
				LD_RUNPATH_SEARCH_PATHS = (
					"$(inherited)",
					"@executable_path/Frameworks",
					"@loader_path/Frameworks",
				);
				PRODUCT_BUNDLE_IDENTIFIER = com.CaffeineShawn.SwiftfulCryptoUITests;
				PRODUCT_NAME = "$(TARGET_NAME)";
				SWIFT_VERSION = 5.0;
				TARGETED_DEVICE_FAMILY = "1,2";
				TEST_TARGET_NAME = SwiftfulCrypto;
			};
			name = Debug;
		};
		0FFD528226A69298006F5C50 /* Release */ = {
			isa = XCBuildConfiguration;
			buildSettings = {
				ALWAYS_EMBED_SWIFT_STANDARD_LIBRARIES = YES;
				CODE_SIGN_STYLE = Automatic;
				INFOPLIST_FILE = SwiftfulCryptoUITests/Info.plist;
				LD_RUNPATH_SEARCH_PATHS = (
					"$(inherited)",
					"@executable_path/Frameworks",
					"@loader_path/Frameworks",
				);
				PRODUCT_BUNDLE_IDENTIFIER = com.CaffeineShawn.SwiftfulCryptoUITests;
				PRODUCT_NAME = "$(TARGET_NAME)";
				SWIFT_VERSION = 5.0;
				TARGETED_DEVICE_FAMILY = "1,2";
				TEST_TARGET_NAME = SwiftfulCrypto;
			};
			name = Release;
		};
/* End XCBuildConfiguration section */

/* Begin XCConfigurationList section */
		0FFD524B26A69297006F5C50 /* Build configuration list for PBXProject "SwiftfulCrypto" */ = {
			isa = XCConfigurationList;
			buildConfigurations = (
				0FFD527826A69298006F5C50 /* Debug */,
				0FFD527926A69298006F5C50 /* Release */,
			);
			defaultConfigurationIsVisible = 0;
			defaultConfigurationName = Release;
		};
		0FFD527A26A69298006F5C50 /* Build configuration list for PBXNativeTarget "SwiftfulCrypto" */ = {
			isa = XCConfigurationList;
			buildConfigurations = (
				0FFD527B26A69298006F5C50 /* Debug */,
				0FFD527C26A69298006F5C50 /* Release */,
			);
			defaultConfigurationIsVisible = 0;
			defaultConfigurationName = Release;
		};
		0FFD527D26A69298006F5C50 /* Build configuration list for PBXNativeTarget "SwiftfulCryptoTests" */ = {
			isa = XCConfigurationList;
			buildConfigurations = (
				0FFD527E26A69298006F5C50 /* Debug */,
				0FFD527F26A69298006F5C50 /* Release */,
			);
			defaultConfigurationIsVisible = 0;
			defaultConfigurationName = Release;
		};
		0FFD528026A69298006F5C50 /* Build configuration list for PBXNativeTarget "SwiftfulCryptoUITests" */ = {
			isa = XCConfigurationList;
			buildConfigurations = (
				0FFD528126A69298006F5C50 /* Debug */,
				0FFD528226A69298006F5C50 /* Release */,
			);
			defaultConfigurationIsVisible = 0;
			defaultConfigurationName = Release;
		};
/* End XCConfigurationList section */

/* Begin XCVersionGroup section */
		0F4D1D1F26A9B3B200A6B929 /* PortfolioContainer.xcdatamodeld */ = {
			isa = XCVersionGroup;
			children = (
				0F4D1D2026A9B3B200A6B929 /* PortfolioContainer.xcdatamodel */,
			);
			currentVersion = 0F4D1D2026A9B3B200A6B929 /* PortfolioContainer.xcdatamodel */;
			path = PortfolioContainer.xcdatamodeld;
			sourceTree = "<group>";
			versionGroupType = wrapper.xcdatamodel;
		};
		0FFD525E26A69298006F5C50 /* SwiftfulCrypto.xcdatamodeld */ = {
			isa = XCVersionGroup;
			children = (
				0FFD525F26A69298006F5C50 /* SwiftfulCrypto.xcdatamodel */,
			);
			currentVersion = 0FFD525F26A69298006F5C50 /* SwiftfulCrypto.xcdatamodel */;
			path = SwiftfulCrypto.xcdatamodeld;
			sourceTree = "<group>";
			versionGroupType = wrapper.xcdatamodel;
		};
/* End XCVersionGroup section */
	};
	rootObject = 0FFD524826A69297006F5C50 /* Project object */;
}
